{
  "version": "4",
  "specifiers": {
    "npm:boolbase@1": "1.0.0"
  },
  "npm": {
    "boolbase@1.0.0": {
      "integrity": "sha512-JZOSA7Mo9sNGB8+UjSgzdLtokWAky1zbztM3WRLCbZ70/3cTANmQmOdR7y2g+J0e2WXywy1yS468tY+IruqEww=="
    }
  },
  "workspace": {
    "packageJson": {
      "dependencies": [
        "npm:boolbase@1"
      ]
    }
  }
}
