{
  "name": "core",
  "version": "1.0.0",
  "lockfileVersion": 2,
  "requires": true,
  "packages": {
    "": {
      "name": "core",
      "version": "1.0.0",
      "license": "ISC",
      "dependencies": {
        "npmfile": "file:../npmfile"
      }
    },
    "../npmfile": {
      "version": "1.0.0",
      "license": "ISC"
    },
    "node_modules/npmfile": {
      "resolved": "../npmfile",
      "link": true
    }
  },
  "dependencies": {
    "npmfile": {
      "version": "file:../npmfile"
    }
  }
}
