{
  "name": "study-node",
  "version": "1.0.0",
  "lockfileVersion": 2,
  "requires": true,
  "packages": {
    "": {
      "name": "study-node",
      "version": "1.0.0",
      "license": "ISC",
      "dependencies": {
        "pnpm": "^7.0.0"
      },
      "bin": {
        "cop": "bin/cop.js"
      }
    },
    "node_modules/.pnpm/pnpm@7.0.0/node_modules/pnpm": {
      "version": "7.0.0",
      "license": "MIT",
      "bin": {
        "pnpm": "bin/pnpm.cjs",
        "pnpx": "bin/pnpx.cjs"
      },
      "engines": {
        "node": ">=14.19"
      },
      "funding": {
        "url": "https://opencollective.com/pnpm"
      }
    },
    "node_modules/pnpm": {
      "resolved": "node_modules/.pnpm/pnpm@7.0.0/node_modules/pnpm",
      "link": true
    }
  },
  "dependencies": {
    "pnpm": {
      "version": "file:node_modules/.pnpm/pnpm@7.0.0/node_modules/pnpm"
    }
  }
}
